
Microsoft Visual Studio Solution File, Format Version 12.00
# Visual Studio Version 16
VisualStudioVersion = 25.0.1704.3
MinimumVisualStudioVersion = 10.0.40219.1
Project("{FAE04EC0-301F-11D3-BF4B-00C04F79EFBC}") = "Pomodoro", "Pomodoro\Pomodoro.csproj", "{C0120DBE-1647-4B16-A7A9-FA7E2DA8AE50}"
EndProject
Global
	GlobalSection(SolutionConfigurationPlatforms) = preSolution
		Debug|Any CPU = Debug|Any CPU
		Release|Any CPU = Release|Any CPU
	EndGlobalSection
	GlobalSection(ProjectConfigurationPlatforms) = postSolution
		{C0120DBE-1647-4B16-A7A9-FA7E2DA8AE50}.Debug|Any CPU.ActiveCfg = Debug|Any CPU
		{C0120DBE-1647-4B16-A7A9-FA7E2DA8AE50}.Debug|Any CPU.Build.0 = Debug|Any CPU
		{C0120DBE-1647-4B16-A7A9-FA7E2DA8AE50}.Release|Any CPU.ActiveCfg = Release|Any CPU
		{C0120DBE-1647-4B16-A7A9-FA7E2DA8AE50}.Release|Any CPU.Build.0 = Release|Any CPU
	EndGlobalSection
	GlobalSection(SolutionProperties) = preSolution
		HideSolutionNode = FALSE
	EndGlobalSection
	GlobalSection(ExtensibilityGlobals) = postSolution
		SolutionGuid = {A52E2937-77C1-4D2B-B10F-2D58500F2B17}
	EndGlobalSection
EndGlobal
